github.com/hizv/hugo-theme-refined v0.0.0-20250827111059-0e3329586180 h1:e+8QQJcFHguI9TOgHlo7XoV1QGzKuQ6du4QS24bMXMw=
github.com/hizv/hugo-theme-refined v0.0.0-20250827111059-0e3329586180/go.mod h1:OSXjUhsl86kKkulL2FMbBxmFe1yQSN/pg4xnrwJQSwU=
github.com/hizv/hugo-theme-refined v0.0.0-20250828100743-3be3b83e0bbe h1:TRvtCO+8GGuYoqOPDia5UiActrhY5p19bDdNiJXPyp8=
github.com/hizv/hugo-theme-refined v0.0.0-20250828100743-3be3b83e0bbe/go.mod h1:OSXjUhsl86kKkulL2FMbBxmFe1yQSN/pg4xnrwJQSwU=
